
Microsoft Visual Studio Solution File, Format Version 12.00
# Visual Studio Version 16
VisualStudioVersion = 25.0.1706.0
MinimumVisualStudioVersion = 10.0.40219.1
Project("{FAE04EC0-301F-11D3-BF4B-00C04F79EFBC}") = "Web", "Web\Web.csproj", "{88695E55-325C-4A20-A78E-DBAF45AB120B}"
EndProject
Global
	GlobalSection(SolutionConfigurationPlatforms) = preSolution
		Debug|Any CPU = Debug|Any CPU
		Release|Any CPU = Release|Any CPU
	EndGlobalSection
	GlobalSection(ProjectConfigurationPlatforms) = postSolution
		{88695E55-325C-4A20-A78E-DBAF45AB120B}.Debug|Any CPU.ActiveCfg = Debug|Any CPU
		{88695E55-325C-4A20-A78E-DBAF45AB120B}.Debug|Any CPU.Build.0 = Debug|Any CPU
		{88695E55-325C-4A20-A78E-DBAF45AB120B}.Release|Any CPU.ActiveCfg = Release|Any CPU
		{88695E55-325C-4A20-A78E-DBAF45AB120B}.Release|Any CPU.Build.0 = Release|Any CPU
	EndGlobalSection
	GlobalSection(SolutionProperties) = preSolution
		HideSolutionNode = FALSE
	EndGlobalSection
	GlobalSection(ExtensibilityGlobals) = postSolution
		SolutionGuid = {E53359BD-D1EF-44D4-B999-8B301EA72EF5}
	EndGlobalSection
EndGlobal
